Microsoft Visual Studio Solution File, Format Version 12.00
# Visual Studio Version 17
VisualStudioVersion = 17.0.31903.59
MinimumVisualStudioVersion = 10.0.40219.1
Project("{FAE04EC0-301F-11D3-BF4B-00C04F79EFBC}") = "Chronicle.Godot", "Chronicle.Godot.csproj", "{E2A4F6AB-5711-4DF8-9C40-51D70E2B39D1}"
EndProject
Global
	GlobalSection(SolutionConfigurationPlatforms) = preSolution
		Debug|Any CPU = Debug|Any CPU
		Release|Any CPU = Release|Any CPU
	EndGlobalSection
	GlobalSection(ProjectConfigurationPlatforms) = postSolution
		{E2A4F6AB-5711-4DF8-9C40-51D70E2B39D1}.Debug|Any CPU.ActiveCfg = Debug|Any CPU
		{E2A4F6AB-5711-4DF8-9C40-51D70E2B39D1}.Debug|Any CPU.Build.0 = Debug|Any CPU
		{E2A4F6AB-5711-4DF8-9C40-51D70E2B39D1}.Release|Any CPU.ActiveCfg = Release|Any CPU
		{E2A4F6AB-5711-4DF8-9C40-51D70E2B39D1}.Release|Any CPU.Build.0 = Release|Any CPU
	EndGlobalSection
EndGlobal
